{
  "object": {
    "pins": [
      {
        "package": "DTModelStorage",
        "repositoryURL": "https://github.com/DenTelezhkin/DTModelStorage",
        "state": {
          "branch": "main",
          "revision": "6107f7446c93fa5848e136eafce422670043d4f9",
          "version": null
        }
      }
    ]
  },
  "version": 1
}
